
Microsoft Visual Studio Solution File, Format Version 12.00
# Visual Studio Version 17
VisualStudioVersion = 17.0.31912.275
MinimumVisualStudioVersion = 10.0.40219.1
Project("{9A19103F-16F7-4668-BE54-9A1E7A4F7556}") = "DCSFlightpanels", "DCSFlightpanels\DCSFlightpanels.csproj", "{6459906E-71BE-4987-B128-B793B50EAD10}"
EndProject
Project("{9A19103F-16F7-4668-BE54-9A1E7A4F7556}") = "NonVisuals", "NonVisuals\NonVisuals.csproj", "{54C2DD8F-259C-41B7-94ED-88F51F698595}"
EndProject
Project("{9A19103F-16F7-4668-BE54-9A1E7A4F7556}") = "SamplePanelEventPlugin1", "SamplePanelEventPlugin1\SamplePanelEventPlugin1.csproj", "{571773A4-3DDC-41CE-814E-A199A42F2FCC}"
EndProject
Project("{9A19103F-16F7-4668-BE54-9A1E7A4F7556}") = "MEF", "MEF\MEF.csproj", "{0C0196B3-2442-4838-A587-C51660136F9C}"
EndProject
Project("{2150E333-8FDC-42A3-9474-1A3956D46DE8}") = "Solution Items", "Solution Items", "{6CF35974-7D78-4027-BB40-76E724C4CE14}"
	ProjectSection(SolutionItems) = preProject
		.editorconfig = .editorconfig
	EndProjectSection
EndProject
Project("{9A19103F-16F7-4668-BE54-9A1E7A4F7556}") = "DCSFP.Tests", "DCSFP.Tests\DCSFP.Tests.csproj", "{D80E361D-35C3-4DBD-855B-B6E5F93FC9A5}"
EndProject
Project("{9A19103F-16F7-4668-BE54-9A1E7A4F7556}") = "HidLibrary", "HidLibrary\HidLibrary.csproj", "{727A27D0-6A57-48E3-B704-A47FA93F66BE}"
EndProject
Project("{9A19103F-16F7-4668-BE54-9A1E7A4F7556}") = "SamplePanelEventPlugin2", "SamplePanelEventPlugin2\SamplePanelEventPlugin2.csproj", "{09DB3707-5B46-41CF-AC10-B1ADCD0087A6}"
EndProject
Project("{9A19103F-16F7-4668-BE54-9A1E7A4F7556}") = "StreamDeckSharp", "StreamDeckSharp\StreamDeckSharp\StreamDeckSharp.csproj", "{C5A895BD-A67E-4932-8291-446E20EEB5CD}"
EndProject
Project("{9A19103F-16F7-4668-BE54-9A1E7A4F7556}") = "OpenMacroBoard.SDK", "OpenMacroBoard.SDK\OpenMacroBoard.SDK.csproj", "{1CB6ACFD-F2CF-486E-B9B8-92057D7338CD}"
EndProject
Project("{9A19103F-16F7-4668-BE54-9A1E7A4F7556}") = "StreamDeckSharp.Tests", "StreamDeckSharp.Tests\StreamDeckSharp.Tests.csproj", "{E889D653-43C1-4853-83B4-F405C393F355}"
EndProject
Project("{9A19103F-16F7-4668-BE54-9A1E7A4F7556}") = "DCS-BIOS", "DCSFPCommon\src\DCS-BIOS\DCS-BIOS.csproj", "{35B2FB67-376A-454C-BDC5-BD6B1A32FEB2}"
EndProject
Project("{9A19103F-16F7-4668-BE54-9A1E7A4F7556}") = "ClassLibraryCommon", "DCSFPCommon\src\ClassLibraryCommon\ClassLibraryCommon.csproj", "{C28A2290-1FEC-477E-89F2-D3E0DE3D9421}"
EndProject
Project("{FAE04EC0-301F-11D3-BF4B-00C04F79EFBC}") = "NonVisuals.Tests", "NonVisuals.Tests\NonVisuals.Tests.csproj", "{973ECF33-FC33-4D4D-84C5-40DFD0B04B68}"
EndProject
Global
	GlobalSection(SolutionConfigurationPlatforms) = preSolution
		Debug|Any CPU = Debug|Any CPU
		Debug|x64 = Debug|x64
		Debug|x86 = Debug|x86
		Release|Any CPU = Release|Any CPU
		Release|x64 = Release|x64
		Release|x86 = Release|x86
	EndGlobalSection
	GlobalSection(ProjectConfigurationPlatforms) = postSolution
		{6459906E-71BE-4987-B128-B793B50EAD10}.Debug|Any CPU.ActiveCfg = Debug|Any CPU
		{6459906E-71BE-4987-B128-B793B50EAD10}.Debug|Any CPU.Build.0 = Debug|Any CPU
		{6459906E-71BE-4987-B128-B793B50EAD10}.Debug|x64.ActiveCfg = Debug|Any CPU
		{6459906E-71BE-4987-B128-B793B50EAD10}.Debug|x64.Build.0 = Debug|Any CPU
		{6459906E-71BE-4987-B128-B793B50EAD10}.Debug|x86.ActiveCfg = Debug|Any CPU
		{6459906E-71BE-4987-B128-B793B50EAD10}.Debug|x86.Build.0 = Debug|Any CPU
		{6459906E-71BE-4987-B128-B793B50EAD10}.Release|Any CPU.ActiveCfg = Release|Any CPU
		{6459906E-71BE-4987-B128-B793B50EAD10}.Release|Any CPU.Build.0 = Release|Any CPU
		{6459906E-71BE-4987-B128-B793B50EAD10}.Release|x64.ActiveCfg = Release|Any CPU
		{6459906E-71BE-4987-B128-B793B50EAD10}.Release|x64.Build.0 = Release|Any CPU
		{6459906E-71BE-4987-B128-B793B50EAD10}.Release|x86.ActiveCfg = Release|Any CPU
		{6459906E-71BE-4987-B128-B793B50EAD10}.Release|x86.Build.0 = Release|Any CPU
		{54C2DD8F-259C-41B7-94ED-88F51F698595}.Debug|Any CPU.ActiveCfg = Debug|Any CPU
		{54C2DD8F-259C-41B7-94ED-88F51F698595}.Debug|Any CPU.Build.0 = Debug|Any CPU
		{54C2DD8F-259C-41B7-94ED-88F51F698595}.Debug|x64.ActiveCfg = Debug|Any CPU
		{54C2DD8F-259C-41B7-94ED-88F51F698595}.Debug|x64.Build.0 = Debug|Any CPU
		{54C2DD8F-259C-41B7-94ED-88F51F698595}.Debug|x86.ActiveCfg = Debug|Any CPU
		{54C2DD8F-259C-41B7-94ED-88F51F698595}.Debug|x86.Build.0 = Debug|Any CPU
		{54C2DD8F-259C-41B7-94ED-88F51F698595}.Release|Any CPU.ActiveCfg = Release|Any CPU
		{54C2DD8F-259C-41B7-94ED-88F51F698595}.Release|Any CPU.Build.0 = Release|Any CPU
		{54C2DD8F-259C-41B7-94ED-88F51F698595}.Release|x64.ActiveCfg = Release|Any CPU
		{54C2DD8F-259C-41B7-94ED-88F51F698595}.Release|x64.Build.0 = Release|Any CPU
		{54C2DD8F-259C-41B7-94ED-88F51F698595}.Release|x86.ActiveCfg = Release|Any CPU
		{54C2DD8F-259C-41B7-94ED-88F51F698595}.Release|x86.Build.0 = Release|Any CPU
		{571773A4-3DDC-41CE-814E-A199A42F2FCC}.Debug|Any CPU.ActiveCfg = Debug|Any CPU
		{571773A4-3DDC-41CE-814E-A199A42F2FCC}.Debug|Any CPU.Build.0 = Debug|Any CPU
		{571773A4-3DDC-41CE-814E-A199A42F2FCC}.Debug|x64.ActiveCfg = Debug|Any CPU
		{571773A4-3DDC-41CE-814E-A199A42F2FCC}.Debug|x64.Build.0 = Debug|Any CPU
		{571773A4-3DDC-41CE-814E-A199A42F2FCC}.Debug|x86.ActiveCfg = Debug|Any CPU
		{571773A4-3DDC-41CE-814E-A199A42F2FCC}.Debug|x86.Build.0 = Debug|Any CPU
		{571773A4-3DDC-41CE-814E-A199A42F2FCC}.Release|Any CPU.ActiveCfg = Release|Any CPU
		{571773A4-3DDC-41CE-814E-A199A42F2FCC}.Release|Any CPU.Build.0 = Release|Any CPU
		{571773A4-3DDC-41CE-814E-A199A42F2FCC}.Release|x64.ActiveCfg = Release|Any CPU
		{571773A4-3DDC-41CE-814E-A199A42F2FCC}.Release|x64.Build.0 = Release|Any CPU
		{571773A4-3DDC-41CE-814E-A199A42F2FCC}.Release|x86.ActiveCfg = Release|Any CPU
		{571773A4-3DDC-41CE-814E-A199A42F2FCC}.Release|x86.Build.0 = Release|Any CPU
		{0C0196B3-2442-4838-A587-C51660136F9C}.Debug|Any CPU.ActiveCfg = Debug|Any CPU
		{0C0196B3-2442-4838-A587-C51660136F9C}.Debug|Any CPU.Build.0 = Debug|Any CPU
		{0C0196B3-2442-4838-A587-C51660136F9C}.Debug|x64.ActiveCfg = Debug|Any CPU
		{0C0196B3-2442-4838-A587-C51660136F9C}.Debug|x64.Build.0 = Debug|Any CPU
		{0C0196B3-2442-4838-A587-C51660136F9C}.Debug|x86.ActiveCfg = Debug|Any CPU
		{0C0196B3-2442-4838-A587-C51660136F9C}.Debug|x86.Build.0 = Debug|Any CPU
		{0C0196B3-2442-4838-A587-C51660136F9C}.Release|Any CPU.ActiveCfg = Release|Any CPU
		{0C0196B3-2442-4838-A587-C51660136F9C}.Release|Any CPU.Build.0 = Release|Any CPU
		{0C0196B3-2442-4838-A587-C51660136F9C}.Release|x64.ActiveCfg = Release|Any CPU
		{0C0196B3-2442-4838-A587-C51660136F9C}.Release|x64.Build.0 = Release|Any CPU
		{0C0196B3-2442-4838-A587-C51660136F9C}.Release|x86.ActiveCfg = Release|Any CPU
		{0C0196B3-2442-4838-A587-C51660136F9C}.Release|x86.Build.0 = Release|Any CPU
		{D80E361D-35C3-4DBD-855B-B6E5F93FC9A5}.Debug|Any CPU.ActiveCfg = Debug|Any CPU
		{D80E361D-35C3-4DBD-855B-B6E5F93FC9A5}.Debug|Any CPU.Build.0 = Debug|Any CPU
		{D80E361D-35C3-4DBD-855B-B6E5F93FC9A5}.Debug|x64.ActiveCfg = Debug|Any CPU
		{D80E361D-35C3-4DBD-855B-B6E5F93FC9A5}.Debug|x64.Build.0 = Debug|Any CPU
		{D80E361D-35C3-4DBD-855B-B6E5F93FC9A5}.Debug|x86.ActiveCfg = Debug|Any CPU
		{D80E361D-35C3-4DBD-855B-B6E5F93FC9A5}.Debug|x86.Build.0 = Debug|Any CPU
		{D80E361D-35C3-4DBD-855B-B6E5F93FC9A5}.Release|Any CPU.ActiveCfg = Release|Any CPU
		{D80E361D-35C3-4DBD-855B-B6E5F93FC9A5}.Release|Any CPU.Build.0 = Release|Any CPU
		{D80E361D-35C3-4DBD-855B-B6E5F93FC9A5}.Release|x64.ActiveCfg = Release|Any CPU
		{D80E361D-35C3-4DBD-855B-B6E5F93FC9A5}.Release|x64.Build.0 = Release|Any CPU
		{D80E361D-35C3-4DBD-855B-B6E5F93FC9A5}.Release|x86.ActiveCfg = Release|Any CPU
		{D80E361D-35C3-4DBD-855B-B6E5F93FC9A5}.Release|x86.Build.0 = Release|Any CPU
		{727A27D0-6A57-48E3-B704-A47FA93F66BE}.Debug|Any CPU.ActiveCfg = Debug|Any CPU
		{727A27D0-6A57-48E3-B704-A47FA93F66BE}.Debug|Any CPU.Build.0 = Debug|Any CPU
		{727A27D0-6A57-48E3-B704-A47FA93F66BE}.Debug|x64.ActiveCfg = Debug|Any CPU
		{727A27D0-6A57-48E3-B704-A47FA93F66BE}.Debug|x64.Build.0 = Debug|Any CPU
		{727A27D0-6A57-48E3-B704-A47FA93F66BE}.Debug|x86.ActiveCfg = Debug|Any CPU
		{727A27D0-6A57-48E3-B704-A47FA93F66BE}.Debug|x86.Build.0 = Debug|Any CPU
		{727A27D0-6A57-48E3-B704-A47FA93F66BE}.Release|Any CPU.ActiveCfg = Release|Any CPU
		{727A27D0-6A57-48E3-B704-A47FA93F66BE}.Release|Any CPU.Build.0 = Release|Any CPU
		{727A27D0-6A57-48E3-B704-A47FA93F66BE}.Release|x64.ActiveCfg = Release|Any CPU
		{727A27D0-6A57-48E3-B704-A47FA93F66BE}.Release|x64.Build.0 = Release|Any CPU
		{727A27D0-6A57-48E3-B704-A47FA93F66BE}.Release|x86.ActiveCfg = Release|Any CPU
		{727A27D0-6A57-48E3-B704-A47FA93F66BE}.Release|x86.Build.0 = Release|Any CPU
		{09DB3707-5B46-41CF-AC10-B1ADCD0087A6}.Debug|Any CPU.ActiveCfg = Debug|Any CPU
		{09DB3707-5B46-41CF-AC10-B1ADCD0087A6}.Debug|Any CPU.Build.0 = Debug|Any CPU
		{09DB3707-5B46-41CF-AC10-B1ADCD0087A6}.Debug|x64.ActiveCfg = Debug|Any CPU
		{09DB3707-5B46-41CF-AC10-B1ADCD0087A6}.Debug|x64.Build.0 = Debug|Any CPU
		{09DB3707-5B46-41CF-AC10-B1ADCD0087A6}.Debug|x86.ActiveCfg = Debug|Any CPU
		{09DB3707-5B46-41CF-AC10-B1ADCD0087A6}.Debug|x86.Build.0 = Debug|Any CPU
		{09DB3707-5B46-41CF-AC10-B1ADCD0087A6}.Release|Any CPU.ActiveCfg = Release|Any CPU
		{09DB3707-5B46-41CF-AC10-B1ADCD0087A6}.Release|Any CPU.Build.0 = Release|Any CPU
		{09DB3707-5B46-41CF-AC10-B1ADCD0087A6}.Release|x64.ActiveCfg = Release|Any CPU
		{09DB3707-5B46-41CF-AC10-B1ADCD0087A6}.Release|x64.Build.0 = Release|Any CPU
		{09DB3707-5B46-41CF-AC10-B1ADCD0087A6}.Release|x86.ActiveCfg = Release|Any CPU
		{09DB3707-5B46-41CF-AC10-B1ADCD0087A6}.Release|x86.Build.0 = Release|Any CPU
		{C5A895BD-A67E-4932-8291-446E20EEB5CD}.Debug|Any CPU.ActiveCfg = Debug|Any CPU
		{C5A895BD-A67E-4932-8291-446E20EEB5CD}.Debug|Any CPU.Build.0 = Debug|Any CPU
		{C5A895BD-A67E-4932-8291-446E20EEB5CD}.Debug|x64.ActiveCfg = Debug|Any CPU
		{C5A895BD-A67E-4932-8291-446E20EEB5CD}.Debug|x64.Build.0 = Debug|Any CPU
		{C5A895BD-A67E-4932-8291-446E20EEB5CD}.Debug|x86.ActiveCfg = Debug|Any CPU
		{C5A895BD-A67E-4932-8291-446E20EEB5CD}.Debug|x86.Build.0 = Debug|Any CPU
		{C5A895BD-A67E-4932-8291-446E20EEB5CD}.Release|Any CPU.ActiveCfg = Release|Any CPU
		{C5A895BD-A67E-4932-8291-446E20EEB5CD}.Release|Any CPU.Build.0 = Release|Any CPU
		{C5A895BD-A67E-4932-8291-446E20EEB5CD}.Release|x64.ActiveCfg = Release|Any CPU
		{C5A895BD-A67E-4932-8291-446E20EEB5CD}.Release|x64.Build.0 = Release|Any CPU
		{C5A895BD-A67E-4932-8291-446E20EEB5CD}.Release|x86.ActiveCfg = Release|Any CPU
		{C5A895BD-A67E-4932-8291-446E20EEB5CD}.Release|x86.Build.0 = Release|Any CPU
		{1CB6ACFD-F2CF-486E-B9B8-92057D7338CD}.Debug|Any CPU.ActiveCfg = Debug|Any CPU
		{1CB6ACFD-F2CF-486E-B9B8-92057D7338CD}.Debug|Any CPU.Build.0 = Debug|Any CPU
		{1CB6ACFD-F2CF-486E-B9B8-92057D7338CD}.Debug|x64.ActiveCfg = Debug|Any CPU
		{1CB6ACFD-F2CF-486E-B9B8-92057D7338CD}.Debug|x64.Build.0 = Debug|Any CPU
		{1CB6ACFD-F2CF-486E-B9B8-92057D7338CD}.Debug|x86.ActiveCfg = Debug|Any CPU
		{1CB6ACFD-F2CF-486E-B9B8-92057D7338CD}.Debug|x86.Build.0 = Debug|Any CPU
		{1CB6ACFD-F2CF-486E-B9B8-92057D7338CD}.Release|Any CPU.ActiveCfg = Release|Any CPU
		{1CB6ACFD-F2CF-486E-B9B8-92057D7338CD}.Release|Any CPU.Build.0 = Release|Any CPU
		{1CB6ACFD-F2CF-486E-B9B8-92057D7338CD}.Release|x64.ActiveCfg = Release|Any CPU
		{1CB6ACFD-F2CF-486E-B9B8-92057D7338CD}.Release|x64.Build.0 = Release|Any CPU
		{1CB6ACFD-F2CF-486E-B9B8-92057D7338CD}.Release|x86.ActiveCfg = Release|Any CPU
		{1CB6ACFD-F2CF-486E-B9B8-92057D7338CD}.Release|x86.Build.0 = Release|Any CPU
		{E889D653-43C1-4853-83B4-F405C393F355}.Debug|Any CPU.ActiveCfg = Debug|Any CPU
		{E889D653-43C1-4853-83B4-F405C393F355}.Debug|Any CPU.Build.0 = Debug|Any CPU
		{E889D653-43C1-4853-83B4-F405C393F355}.Debug|x64.ActiveCfg = Debug|Any CPU
		{E889D653-43C1-4853-83B4-F405C393F355}.Debug|x64.Build.0 = Debug|Any CPU
		{E889D653-43C1-4853-83B4-F405C393F355}.Debug|x86.ActiveCfg = Debug|Any CPU
		{E889D653-43C1-4853-83B4-F405C393F355}.Debug|x86.Build.0 = Debug|Any CPU
		{E889D653-43C1-4853-83B4-F405C393F355}.Release|Any CPU.ActiveCfg = Release|Any CPU
		{E889D653-43C1-4853-83B4-F405C393F355}.Release|Any CPU.Build.0 = Release|Any CPU
		{E889D653-43C1-4853-83B4-F405C393F355}.Release|x64.ActiveCfg = Release|Any CPU
		{E889D653-43C1-4853-83B4-F405C393F355}.Release|x64.Build.0 = Release|Any CPU
		{E889D653-43C1-4853-83B4-F405C393F355}.Release|x86.ActiveCfg = Release|Any CPU
		{E889D653-43C1-4853-83B4-F405C393F355}.Release|x86.Build.0 = Release|Any CPU
		{35B2FB67-376A-454C-BDC5-BD6B1A32FEB2}.Debug|Any CPU.ActiveCfg = Debug|Any CPU
		{35B2FB67-376A-454C-BDC5-BD6B1A32FEB2}.Debug|Any CPU.Build.0 = Debug|Any CPU
		{35B2FB67-376A-454C-BDC5-BD6B1A32FEB2}.Debug|x64.ActiveCfg = Debug|Any CPU
		{35B2FB67-376A-454C-BDC5-BD6B1A32FEB2}.Debug|x64.Build.0 = Debug|Any CPU
		{35B2FB67-376A-454C-BDC5-BD6B1A32FEB2}.Debug|x86.ActiveCfg = Debug|Any CPU
		{35B2FB67-376A-454C-BDC5-BD6B1A32FEB2}.Debug|x86.Build.0 = Debug|Any CPU
		{35B2FB67-376A-454C-BDC5-BD6B1A32FEB2}.Release|Any CPU.ActiveCfg = Release|Any CPU
		{35B2FB67-376A-454C-BDC5-BD6B1A32FEB2}.Release|Any CPU.Build.0 = Release|Any CPU
		{35B2FB67-376A-454C-BDC5-BD6B1A32FEB2}.Release|x64.ActiveCfg = Release|Any CPU
		{35B2FB67-376A-454C-BDC5-BD6B1A32FEB2}.Release|x64.Build.0 = Release|Any CPU
		{35B2FB67-376A-454C-BDC5-BD6B1A32FEB2}.Release|x86.ActiveCfg = Release|Any CPU
		{35B2FB67-376A-454C-BDC5-BD6B1A32FEB2}.Release|x86.Build.0 = Release|Any CPU
		{C28A2290-1FEC-477E-89F2-D3E0DE3D9421}.Debug|Any CPU.ActiveCfg = Debug|Any CPU
		{C28A2290-1FEC-477E-89F2-D3E0DE3D9421}.Debug|Any CPU.Build.0 = Debug|Any CPU
		{C28A2290-1FEC-477E-89F2-D3E0DE3D9421}.Debug|x64.ActiveCfg = Debug|Any CPU
		{C28A2290-1FEC-477E-89F2-D3E0DE3D9421}.Debug|x64.Build.0 = Debug|Any CPU
		{C28A2290-1FEC-477E-89F2-D3E0DE3D9421}.Debug|x86.ActiveCfg = Debug|Any CPU
		{C28A2290-1FEC-477E-89F2-D3E0DE3D9421}.Debug|x86.Build.0 = Debug|Any CPU
		{C28A2290-1FEC-477E-89F2-D3E0DE3D9421}.Release|Any CPU.ActiveCfg = Release|Any CPU
		{C28A2290-1FEC-477E-89F2-D3E0DE3D9421}.Release|Any CPU.Build.0 = Release|Any CPU
		{C28A2290-1FEC-477E-89F2-D3E0DE3D9421}.Release|x64.ActiveCfg = Release|Any CPU
		{C28A2290-1FEC-477E-89F2-D3E0DE3D9421}.Release|x64.Build.0 = Release|Any CPU
		{C28A2290-1FEC-477E-89F2-D3E0DE3D9421}.Release|x86.ActiveCfg = Release|Any CPU
		{C28A2290-1FEC-477E-89F2-D3E0DE3D9421}.Release|x86.Build.0 = Release|Any CPU
		{973ECF33-FC33-4D4D-84C5-40DFD0B04B68}.Debug|Any CPU.ActiveCfg = Debug|Any CPU
		{973ECF33-FC33-4D4D-84C5-40DFD0B04B68}.Debug|Any CPU.Build.0 = Debug|Any CPU
		{973ECF33-FC33-4D4D-84C5-40DFD0B04B68}.Debug|x64.ActiveCfg = Debug|Any CPU
		{973ECF33-FC33-4D4D-84C5-40DFD0B04B68}.Debug|x64.Build.0 = Debug|Any CPU
		{973ECF33-FC33-4D4D-84C5-40DFD0B04B68}.Debug|x86.ActiveCfg = Debug|Any CPU
		{973ECF33-FC33-4D4D-84C5-40DFD0B04B68}.Debug|x86.Build.0 = Debug|Any CPU
		{973ECF33-FC33-4D4D-84C5-40DFD0B04B68}.Release|Any CPU.ActiveCfg = Release|Any CPU
		{973ECF33-FC33-4D4D-84C5-40DFD0B04B68}.Release|Any CPU.Build.0 = Release|Any CPU
		{973ECF33-FC33-4D4D-84C5-40DFD0B04B68}.Release|x64.ActiveCfg = Release|Any CPU
		{973ECF33-FC33-4D4D-84C5-40DFD0B04B68}.Release|x64.Build.0 = Release|Any CPU
		{973ECF33-FC33-4D4D-84C5-40DFD0B04B68}.Release|x86.ActiveCfg = Release|Any CPU
		{973ECF33-FC33-4D4D-84C5-40DFD0B04B68}.Release|x86.Build.0 = Release|Any CPU
	EndGlobalSection
	GlobalSection(SolutionProperties) = preSolution
		HideSolutionNode = FALSE
	EndGlobalSection
	GlobalSection(ExtensibilityGlobals) = postSolution
		SolutionGuid = {E57113FE-86BC-41B8-A042-C6E974980E76}
	EndGlobalSection
EndGlobal
