
Microsoft Visual Studio Solution File, Format Version 12.00
# Visual Studio 2013
VisualStudioVersion = 12.0.40629.0
MinimumVisualStudioVersion = 10.0.40219.1
Project("{FAE04EC0-301F-11D3-BF4B-00C04F79EFBC}") = "ProUsbPanels", "ProUsbPanels\ProUsbPanels.csproj", "{6459906E-71BE-4987-B128-B793B50EAD10}"
EndProject
Project("{FAE04EC0-301F-11D3-BF4B-00C04F79EFBC}") = "Testing", "Testing\Testing.csproj", "{331816F0-DE83-449F-B7B4-8C72E7994476}"
EndProject
Project("{FAE04EC0-301F-11D3-BF4B-00C04F79EFBC}") = "WindowsFormsTest", "WindowsFormsTest\WindowsFormsTest.csproj", "{28CD38A7-06C9-473C-B351-974D7AA69200}"
EndProject
Project("{FAE04EC0-301F-11D3-BF4B-00C04F79EFBC}") = "HidLibrary", "HidLibrary\HidLibrary.csproj", "{9E8F1D50-74EA-4C60-BD5C-AB2C5B53BC66}"
EndProject
Project("{FAE04EC0-301F-11D3-BF4B-00C04F79EFBC}") = "DCS-BIOS", "DCS-BIOS\DCS-BIOS.csproj", "{6EF4492F-D4B4-42BC-B209-98783098DB22}"
EndProject
Project("{FAE04EC0-301F-11D3-BF4B-00C04F79EFBC}") = "NonVisuals", "NonVisuals\NonVisuals.csproj", "{54C2DD8F-259C-41B7-94ED-88F51F698595}"
	ProjectSection(ProjectDependencies) = postProject
		{9E8F1D50-74EA-4C60-BD5C-AB2C5B53BC66} = {9E8F1D50-74EA-4C60-BD5C-AB2C5B53BC66}
	EndProjectSection
EndProject
Project("{FAE04EC0-301F-11D3-BF4B-00C04F79EFBC}") = "WpfTestApplication", "WpfTestApplication\WpfTestApplication.csproj", "{BA5B9D05-9C8C-4AC1-A037-DAC18B6352C8}"
EndProject
Project("{FAE04EC0-301F-11D3-BF4B-00C04F79EFBC}") = "WpfPanelUsbTestApplication", "WpfPanelUsbTestApplication\WpfPanelUsbTestApplication.csproj", "{1806DA65-1947-4215-A0E4-F74696187078}"
EndProject
Global
	GlobalSection(SolutionConfigurationPlatforms) = preSolution
		Debug|Any CPU = Debug|Any CPU
		Debug|Mixed Platforms = Debug|Mixed Platforms
		Debug|x64 = Debug|x64
		Debug|x86 = Debug|x86
		Release|Any CPU = Release|Any CPU
		Release|Mixed Platforms = Release|Mixed Platforms
		Release|x64 = Release|x64
		Release|x86 = Release|x86
	EndGlobalSection
	GlobalSection(ProjectConfigurationPlatforms) = postSolution
		{6459906E-71BE-4987-B128-B793B50EAD10}.Debug|Any CPU.ActiveCfg = Debug|x86
		{6459906E-71BE-4987-B128-B793B50EAD10}.Debug|Mixed Platforms.ActiveCfg = Debug|x86
		{6459906E-71BE-4987-B128-B793B50EAD10}.Debug|Mixed Platforms.Build.0 = Debug|x86
		{6459906E-71BE-4987-B128-B793B50EAD10}.Debug|x64.ActiveCfg = Debug|x64
		{6459906E-71BE-4987-B128-B793B50EAD10}.Debug|x64.Build.0 = Debug|x64
		{6459906E-71BE-4987-B128-B793B50EAD10}.Debug|x86.ActiveCfg = Debug|Any CPU
		{6459906E-71BE-4987-B128-B793B50EAD10}.Debug|x86.Build.0 = Debug|Any CPU
		{6459906E-71BE-4987-B128-B793B50EAD10}.Release|Any CPU.ActiveCfg = Release|x86
		{6459906E-71BE-4987-B128-B793B50EAD10}.Release|Mixed Platforms.ActiveCfg = Release|x86
		{6459906E-71BE-4987-B128-B793B50EAD10}.Release|Mixed Platforms.Build.0 = Release|x86
		{6459906E-71BE-4987-B128-B793B50EAD10}.Release|x64.ActiveCfg = Release|x64
		{6459906E-71BE-4987-B128-B793B50EAD10}.Release|x64.Build.0 = Release|x64
		{6459906E-71BE-4987-B128-B793B50EAD10}.Release|x86.ActiveCfg = Release|Any CPU
		{6459906E-71BE-4987-B128-B793B50EAD10}.Release|x86.Build.0 = Release|Any CPU
		{331816F0-DE83-449F-B7B4-8C72E7994476}.Debug|Any CPU.ActiveCfg = Debug|x86
		{331816F0-DE83-449F-B7B4-8C72E7994476}.Debug|Mixed Platforms.ActiveCfg = Debug|x86
		{331816F0-DE83-449F-B7B4-8C72E7994476}.Debug|Mixed Platforms.Build.0 = Debug|x86
		{331816F0-DE83-449F-B7B4-8C72E7994476}.Debug|x64.ActiveCfg = Debug|x64
		{331816F0-DE83-449F-B7B4-8C72E7994476}.Debug|x64.Build.0 = Debug|x64
		{331816F0-DE83-449F-B7B4-8C72E7994476}.Debug|x86.ActiveCfg = Debug|Any CPU
		{331816F0-DE83-449F-B7B4-8C72E7994476}.Debug|x86.Build.0 = Debug|Any CPU
		{331816F0-DE83-449F-B7B4-8C72E7994476}.Release|Any CPU.ActiveCfg = Release|x86
		{331816F0-DE83-449F-B7B4-8C72E7994476}.Release|Mixed Platforms.ActiveCfg = Release|x86
		{331816F0-DE83-449F-B7B4-8C72E7994476}.Release|Mixed Platforms.Build.0 = Release|x86
		{331816F0-DE83-449F-B7B4-8C72E7994476}.Release|x64.ActiveCfg = Release|x64
		{331816F0-DE83-449F-B7B4-8C72E7994476}.Release|x64.Build.0 = Release|x64
		{331816F0-DE83-449F-B7B4-8C72E7994476}.Release|x86.ActiveCfg = Release|Any CPU
		{331816F0-DE83-449F-B7B4-8C72E7994476}.Release|x86.Build.0 = Release|Any CPU
		{28CD38A7-06C9-473C-B351-974D7AA69200}.Debug|Any CPU.ActiveCfg = Debug|x86
		{28CD38A7-06C9-473C-B351-974D7AA69200}.Debug|Mixed Platforms.ActiveCfg = Debug|x86
		{28CD38A7-06C9-473C-B351-974D7AA69200}.Debug|Mixed Platforms.Build.0 = Debug|x86
		{28CD38A7-06C9-473C-B351-974D7AA69200}.Debug|x64.ActiveCfg = Debug|x64
		{28CD38A7-06C9-473C-B351-974D7AA69200}.Debug|x64.Build.0 = Debug|x64
		{28CD38A7-06C9-473C-B351-974D7AA69200}.Debug|x86.ActiveCfg = Debug|Any CPU
		{28CD38A7-06C9-473C-B351-974D7AA69200}.Debug|x86.Build.0 = Debug|Any CPU
		{28CD38A7-06C9-473C-B351-974D7AA69200}.Release|Any CPU.ActiveCfg = Release|x86
		{28CD38A7-06C9-473C-B351-974D7AA69200}.Release|Mixed Platforms.ActiveCfg = Release|x86
		{28CD38A7-06C9-473C-B351-974D7AA69200}.Release|Mixed Platforms.Build.0 = Release|x86
		{28CD38A7-06C9-473C-B351-974D7AA69200}.Release|x64.ActiveCfg = Release|x64
		{28CD38A7-06C9-473C-B351-974D7AA69200}.Release|x64.Build.0 = Release|x64
		{28CD38A7-06C9-473C-B351-974D7AA69200}.Release|x86.ActiveCfg = Release|Any CPU
		{28CD38A7-06C9-473C-B351-974D7AA69200}.Release|x86.Build.0 = Release|Any CPU
		{9E8F1D50-74EA-4C60-BD5C-AB2C5B53BC66}.Debug|Any CPU.ActiveCfg = Debug|Any CPU
		{9E8F1D50-74EA-4C60-BD5C-AB2C5B53BC66}.Debug|Any CPU.Build.0 = Debug|Any CPU
		{9E8F1D50-74EA-4C60-BD5C-AB2C5B53BC66}.Debug|Mixed Platforms.ActiveCfg = Debug|Any CPU
		{9E8F1D50-74EA-4C60-BD5C-AB2C5B53BC66}.Debug|Mixed Platforms.Build.0 = Debug|Any CPU
		{9E8F1D50-74EA-4C60-BD5C-AB2C5B53BC66}.Debug|x64.ActiveCfg = Debug|x64
		{9E8F1D50-74EA-4C60-BD5C-AB2C5B53BC66}.Debug|x64.Build.0 = Debug|x64
		{9E8F1D50-74EA-4C60-BD5C-AB2C5B53BC66}.Debug|x86.ActiveCfg = Debug|Any CPU
		{9E8F1D50-74EA-4C60-BD5C-AB2C5B53BC66}.Release|Any CPU.ActiveCfg = Release|Any CPU
		{9E8F1D50-74EA-4C60-BD5C-AB2C5B53BC66}.Release|Any CPU.Build.0 = Release|Any CPU
		{9E8F1D50-74EA-4C60-BD5C-AB2C5B53BC66}.Release|Mixed Platforms.ActiveCfg = Release|Any CPU
		{9E8F1D50-74EA-4C60-BD5C-AB2C5B53BC66}.Release|Mixed Platforms.Build.0 = Release|Any CPU
		{9E8F1D50-74EA-4C60-BD5C-AB2C5B53BC66}.Release|x64.ActiveCfg = Release|x64
		{9E8F1D50-74EA-4C60-BD5C-AB2C5B53BC66}.Release|x64.Build.0 = Release|x64
		{9E8F1D50-74EA-4C60-BD5C-AB2C5B53BC66}.Release|x86.ActiveCfg = Release|Any CPU
		{6EF4492F-D4B4-42BC-B209-98783098DB22}.Debug|Any CPU.ActiveCfg = Debug|Any CPU
		{6EF4492F-D4B4-42BC-B209-98783098DB22}.Debug|Any CPU.Build.0 = Debug|Any CPU
		{6EF4492F-D4B4-42BC-B209-98783098DB22}.Debug|Mixed Platforms.ActiveCfg = Debug|Any CPU
		{6EF4492F-D4B4-42BC-B209-98783098DB22}.Debug|Mixed Platforms.Build.0 = Debug|Any CPU
		{6EF4492F-D4B4-42BC-B209-98783098DB22}.Debug|x64.ActiveCfg = Debug|x64
		{6EF4492F-D4B4-42BC-B209-98783098DB22}.Debug|x64.Build.0 = Debug|x64
		{6EF4492F-D4B4-42BC-B209-98783098DB22}.Debug|x86.ActiveCfg = Debug|Any CPU
		{6EF4492F-D4B4-42BC-B209-98783098DB22}.Debug|x86.Build.0 = Debug|Any CPU
		{6EF4492F-D4B4-42BC-B209-98783098DB22}.Release|Any CPU.ActiveCfg = Release|Any CPU
		{6EF4492F-D4B4-42BC-B209-98783098DB22}.Release|Any CPU.Build.0 = Release|Any CPU
		{6EF4492F-D4B4-42BC-B209-98783098DB22}.Release|Mixed Platforms.ActiveCfg = Release|Any CPU
		{6EF4492F-D4B4-42BC-B209-98783098DB22}.Release|Mixed Platforms.Build.0 = Release|Any CPU
		{6EF4492F-D4B4-42BC-B209-98783098DB22}.Release|x64.ActiveCfg = Release|x64
		{6EF4492F-D4B4-42BC-B209-98783098DB22}.Release|x64.Build.0 = Release|x64
		{6EF4492F-D4B4-42BC-B209-98783098DB22}.Release|x86.ActiveCfg = Release|Any CPU
		{6EF4492F-D4B4-42BC-B209-98783098DB22}.Release|x86.Build.0 = Release|Any CPU
		{54C2DD8F-259C-41B7-94ED-88F51F698595}.Debug|Any CPU.ActiveCfg = Debug|Any CPU
		{54C2DD8F-259C-41B7-94ED-88F51F698595}.Debug|Any CPU.Build.0 = Debug|Any CPU
		{54C2DD8F-259C-41B7-94ED-88F51F698595}.Debug|Mixed Platforms.ActiveCfg = Debug|Any CPU
		{54C2DD8F-259C-41B7-94ED-88F51F698595}.Debug|Mixed Platforms.Build.0 = Debug|Any CPU
		{54C2DD8F-259C-41B7-94ED-88F51F698595}.Debug|x64.ActiveCfg = Debug|x64
		{54C2DD8F-259C-41B7-94ED-88F51F698595}.Debug|x64.Build.0 = Debug|x64
		{54C2DD8F-259C-41B7-94ED-88F51F698595}.Debug|x86.ActiveCfg = Debug|Any CPU
		{54C2DD8F-259C-41B7-94ED-88F51F698595}.Debug|x86.Build.0 = Debug|Any CPU
		{54C2DD8F-259C-41B7-94ED-88F51F698595}.Release|Any CPU.ActiveCfg = Release|Any CPU
		{54C2DD8F-259C-41B7-94ED-88F51F698595}.Release|Any CPU.Build.0 = Release|Any CPU
		{54C2DD8F-259C-41B7-94ED-88F51F698595}.Release|Mixed Platforms.ActiveCfg = Release|Any CPU
		{54C2DD8F-259C-41B7-94ED-88F51F698595}.Release|Mixed Platforms.Build.0 = Release|Any CPU
		{54C2DD8F-259C-41B7-94ED-88F51F698595}.Release|x64.ActiveCfg = Release|x64
		{54C2DD8F-259C-41B7-94ED-88F51F698595}.Release|x64.Build.0 = Release|x64
		{54C2DD8F-259C-41B7-94ED-88F51F698595}.Release|x86.ActiveCfg = Release|Any CPU
		{54C2DD8F-259C-41B7-94ED-88F51F698595}.Release|x86.Build.0 = Release|Any CPU
		{BA5B9D05-9C8C-4AC1-A037-DAC18B6352C8}.Debug|Any CPU.ActiveCfg = Debug|Any CPU
		{BA5B9D05-9C8C-4AC1-A037-DAC18B6352C8}.Debug|Any CPU.Build.0 = Debug|Any CPU
		{BA5B9D05-9C8C-4AC1-A037-DAC18B6352C8}.Debug|Mixed Platforms.ActiveCfg = Debug|Any CPU
		{BA5B9D05-9C8C-4AC1-A037-DAC18B6352C8}.Debug|Mixed Platforms.Build.0 = Debug|Any CPU
		{BA5B9D05-9C8C-4AC1-A037-DAC18B6352C8}.Debug|x64.ActiveCfg = Debug|x64
		{BA5B9D05-9C8C-4AC1-A037-DAC18B6352C8}.Debug|x64.Build.0 = Debug|x64
		{BA5B9D05-9C8C-4AC1-A037-DAC18B6352C8}.Debug|x86.ActiveCfg = Debug|Any CPU
		{BA5B9D05-9C8C-4AC1-A037-DAC18B6352C8}.Release|Any CPU.ActiveCfg = Release|Any CPU
		{BA5B9D05-9C8C-4AC1-A037-DAC18B6352C8}.Release|Any CPU.Build.0 = Release|Any CPU
		{BA5B9D05-9C8C-4AC1-A037-DAC18B6352C8}.Release|Mixed Platforms.ActiveCfg = Release|Any CPU
		{BA5B9D05-9C8C-4AC1-A037-DAC18B6352C8}.Release|Mixed Platforms.Build.0 = Release|Any CPU
		{BA5B9D05-9C8C-4AC1-A037-DAC18B6352C8}.Release|x64.ActiveCfg = Release|x64
		{BA5B9D05-9C8C-4AC1-A037-DAC18B6352C8}.Release|x64.Build.0 = Release|x64
		{BA5B9D05-9C8C-4AC1-A037-DAC18B6352C8}.Release|x86.ActiveCfg = Release|Any CPU
		{1806DA65-1947-4215-A0E4-F74696187078}.Debug|Any CPU.ActiveCfg = Debug|Any CPU
		{1806DA65-1947-4215-A0E4-F74696187078}.Debug|Any CPU.Build.0 = Debug|Any CPU
		{1806DA65-1947-4215-A0E4-F74696187078}.Debug|Mixed Platforms.ActiveCfg = Debug|Any CPU
		{1806DA65-1947-4215-A0E4-F74696187078}.Debug|Mixed Platforms.Build.0 = Debug|Any CPU
		{1806DA65-1947-4215-A0E4-F74696187078}.Debug|x64.ActiveCfg = Debug|Any CPU
		{1806DA65-1947-4215-A0E4-F74696187078}.Debug|x86.ActiveCfg = Debug|Any CPU
		{1806DA65-1947-4215-A0E4-F74696187078}.Release|Any CPU.ActiveCfg = Release|Any CPU
		{1806DA65-1947-4215-A0E4-F74696187078}.Release|Any CPU.Build.0 = Release|Any CPU
		{1806DA65-1947-4215-A0E4-F74696187078}.Release|Mixed Platforms.ActiveCfg = Release|Any CPU
		{1806DA65-1947-4215-A0E4-F74696187078}.Release|Mixed Platforms.Build.0 = Release|Any CPU
		{1806DA65-1947-4215-A0E4-F74696187078}.Release|x64.ActiveCfg = Release|Any CPU
		{1806DA65-1947-4215-A0E4-F74696187078}.Release|x86.ActiveCfg = Release|Any CPU
	EndGlobalSection
	GlobalSection(SolutionProperties) = preSolution
		HideSolutionNode = FALSE
	EndGlobalSection
EndGlobal
